
Microsoft Visual Studio Solution File, Format Version 12.00
# Visual Studio Version 16
VisualStudioVersion = 16.0.30503.244
MinimumVisualStudioVersion = 10.0.40219.1
Project("{8BC9CEB8-8B4A-11D0-8D11-00A0C91BC942}") = "Task A", "Task A\Task A.vcxproj", "{5B61E8AE-703C-4D0B-BE68-3CEAB30411E9}"
EndProject
Project("{8BC9CEB8-8B4A-11D0-8D11-00A0C91BC942}") = "Task B", "Task B\Task B.vcxproj", "{0EE4ED8F-9A2C-493F-A5C5-0F9B13C03142}"
EndProject
Project("{8BC9CEB8-8B4A-11D0-8D11-00A0C91BC942}") = "Task C", "Task C\Task C.vcxproj", "{87DFD65C-08F7-472E-85B6-5D6B4AF57915}"
EndProject
Project("{8BC9CEB8-8B4A-11D0-8D11-00A0C91BC942}") = "Task D", "Task D\Task D.vcxproj", "{D4B78E10-1B31-4235-BB7D-3C22B28419C2}"
EndProject
Project("{8BC9CEB8-8B4A-11D0-8D11-00A0C91BC942}") = "Task E", "Task E\Task E.vcxproj", "{49808BA1-A767-4361-9BD7-1FD2D0EC9CCC}"
EndProject
Project("{8BC9CEB8-8B4A-11D0-8D11-00A0C91BC942}") = "Task F", "Task F\Task F.vcxproj", "{FA310812-9AFD-4B04-84C1-E761CA20EE83}"
EndProject
Global
	GlobalSection(SolutionConfigurationPlatforms) = preSolution
		Debug|x64 = Debug|x64
		Debug|x86 = Debug|x86
		Release|x64 = Release|x64
		Release|x86 = Release|x86
	EndGlobalSection
	GlobalSection(ProjectConfigurationPlatforms) = postSolution
		{5B61E8AE-703C-4D0B-BE68-3CEAB30411E9}.Debug|x64.ActiveCfg = Debug|x64
		{5B61E8AE-703C-4D0B-BE68-3CEAB30411E9}.Debug|x64.Build.0 = Debug|x64
		{5B61E8AE-703C-4D0B-BE68-3CEAB30411E9}.Debug|x86.ActiveCfg = Debug|Win32
		{5B61E8AE-703C-4D0B-BE68-3CEAB30411E9}.Debug|x86.Build.0 = Debug|Win32
		{5B61E8AE-703C-4D0B-BE68-3CEAB30411E9}.Release|x64.ActiveCfg = Release|x64
		{5B61E8AE-703C-4D0B-BE68-3CEAB30411E9}.Release|x64.Build.0 = Release|x64
		{5B61E8AE-703C-4D0B-BE68-3CEAB30411E9}.Release|x86.ActiveCfg = Release|Win32
		{5B61E8AE-703C-4D0B-BE68-3CEAB30411E9}.Release|x86.Build.0 = Release|Win32
		{0EE4ED8F-9A2C-493F-A5C5-0F9B13C03142}.Debug|x64.ActiveCfg = Debug|x64
		{0EE4ED8F-9A2C-493F-A5C5-0F9B13C03142}.Debug|x64.Build.0 = Debug|x64
		{0EE4ED8F-9A2C-493F-A5C5-0F9B13C03142}.Debug|x86.ActiveCfg = Debug|Win32
		{0EE4ED8F-9A2C-493F-A5C5-0F9B13C03142}.Debug|x86.Build.0 = Debug|Win32
		{0EE4ED8F-9A2C-493F-A5C5-0F9B13C03142}.Release|x64.ActiveCfg = Release|x64
		{0EE4ED8F-9A2C-493F-A5C5-0F9B13C03142}.Release|x64.Build.0 = Release|x64
		{0EE4ED8F-9A2C-493F-A5C5-0F9B13C03142}.Release|x86.ActiveCfg = Release|Win32
		{0EE4ED8F-9A2C-493F-A5C5-0F9B13C03142}.Release|x86.Build.0 = Release|Win32
		{87DFD65C-08F7-472E-85B6-5D6B4AF57915}.Debug|x64.ActiveCfg = Debug|x64
		{87DFD65C-08F7-472E-85B6-5D6B4AF57915}.Debug|x64.Build.0 = Debug|x64
		{87DFD65C-08F7-472E-85B6-5D6B4AF57915}.Debug|x86.ActiveCfg = Debug|Win32
		{87DFD65C-08F7-472E-85B6-5D6B4AF57915}.Debug|x86.Build.0 = Debug|Win32
		{87DFD65C-08F7-472E-85B6-5D6B4AF57915}.Release|x64.ActiveCfg = Release|x64
		{87DFD65C-08F7-472E-85B6-5D6B4AF57915}.Release|x64.Build.0 = Release|x64
		{87DFD65C-08F7-472E-85B6-5D6B4AF57915}.Release|x86.ActiveCfg = Release|Win32
		{87DFD65C-08F7-472E-85B6-5D6B4AF57915}.Release|x86.Build.0 = Release|Win32
		{D4B78E10-1B31-4235-BB7D-3C22B28419C2}.Debug|x64.ActiveCfg = Debug|x64
		{D4B78E10-1B31-4235-BB7D-3C22B28419C2}.Debug|x64.Build.0 = Debug|x64
		{D4B78E10-1B31-4235-BB7D-3C22B28419C2}.Debug|x86.ActiveCfg = Debug|Win32
		{D4B78E10-1B31-4235-BB7D-3C22B28419C2}.Debug|x86.Build.0 = Debug|Win32
		{D4B78E10-1B31-4235-BB7D-3C22B28419C2}.Release|x64.ActiveCfg = Release|x64
		{D4B78E10-1B31-4235-BB7D-3C22B28419C2}.Release|x64.Build.0 = Release|x64
		{D4B78E10-1B31-4235-BB7D-3C22B28419C2}.Release|x86.ActiveCfg = Release|Win32
		{D4B78E10-1B31-4235-BB7D-3C22B28419C2}.Release|x86.Build.0 = Release|Win32
		{49808BA1-A767-4361-9BD7-1FD2D0EC9CCC}.Debug|x64.ActiveCfg = Debug|x64
		{49808BA1-A767-4361-9BD7-1FD2D0EC9CCC}.Debug|x64.Build.0 = Debug|x64
		{49808BA1-A767-4361-9BD7-1FD2D0EC9CCC}.Debug|x86.ActiveCfg = Debug|Win32
		{49808BA1-A767-4361-9BD7-1FD2D0EC9CCC}.Debug|x86.Build.0 = Debug|Win32
		{49808BA1-A767-4361-9BD7-1FD2D0EC9CCC}.Release|x64.ActiveCfg = Release|x64
		{49808BA1-A767-4361-9BD7-1FD2D0EC9CCC}.Release|x64.Build.0 = Release|x64
		{49808BA1-A767-4361-9BD7-1FD2D0EC9CCC}.Release|x86.ActiveCfg = Release|Win32
		{49808BA1-A767-4361-9BD7-1FD2D0EC9CCC}.Release|x86.Build.0 = Release|Win32
		{FA310812-9AFD-4B04-84C1-E761CA20EE83}.Debug|x64.ActiveCfg = Debug|x64
		{FA310812-9AFD-4B04-84C1-E761CA20EE83}.Debug|x64.Build.0 = Debug|x64
		{FA310812-9AFD-4B04-84C1-E761CA20EE83}.Debug|x86.ActiveCfg = Debug|Win32
		{FA310812-9AFD-4B04-84C1-E761CA20EE83}.Debug|x86.Build.0 = Debug|Win32
		{FA310812-9AFD-4B04-84C1-E761CA20EE83}.Release|x64.ActiveCfg = Release|x64
		{FA310812-9AFD-4B04-84C1-E761CA20EE83}.Release|x64.Build.0 = Release|x64
		{FA310812-9AFD-4B04-84C1-E761CA20EE83}.Release|x86.ActiveCfg = Release|Win32
		{FA310812-9AFD-4B04-84C1-E761CA20EE83}.Release|x86.Build.0 = Release|Win32
	EndGlobalSection
	GlobalSection(SolutionProperties) = preSolution
		HideSolutionNode = FALSE
	EndGlobalSection
	GlobalSection(ExtensibilityGlobals) = postSolution
		SolutionGuid = {26DDE136-0AFC-4700-96BD-720D49075FF6}
	EndGlobalSection
EndGlobal
